{
    "_readme": [
        "This file locks the dependencies of your project to a known state",
        "Read more about it at https://getcomposer.org/doc/01-basic-usage.md#installing-dependencies",
        "This file is @generated automatically"
    ],
    "content-hash": "e06ce1b22cb608ba5221ddf40987839b",
    "packages": [
        {
            "name": "mageplaza/magento-2-polish-language-pack",
            "version": "dev-master",
            "source": {
                "type": "git",
                "url": "https://github.com/mageplaza/magento-2-polish-language-pack.git",
                "reference": "ff169e37e8a8abce1e2e0ca5aa0332692330a872"
            },
            "dist": {
                "type": "zip",
                "url": "https://api.github.com/repos/mageplaza/magento-2-polish-language-pack/zipball/ff169e37e8a8abce1e2e0ca5aa0332692330a872",
                "reference": "ff169e37e8a8abce1e2e0ca5aa0332692330a872",
                "shasum": ""
            },
            "require": {
                "mageplaza/module-core": "^1.3.13|dev-master"
            },
            "type": "magento2-language",
            "autoload": {
                "files": [
                    "registration.php"
                ]
            },
            "notification-url": "https://packagist.org/downloads/",
            "license": [
                "MIT"
            ],
            "authors": [
                {
                    "name": "Mageplaza team",
                    "email": "hi@mageplaza.com",
                    "homepage": "https://www.mageplaza.com",
                    "role": "Leader"
                }
            ],
            "description": "Polish language package for Magento 2",
            "homepage": "https://www.mageplaza.com",
            "time": "2018-10-16T06:51:51+00:00"
        },
        {
            "name": "mageplaza/module-core",
            "version": "1.3.13",
            "source": {
                "type": "git",
                "url": "https://github.com/mageplaza/module-core.git",
                "reference": "2c77797f99b865b2b472d0644da121f8a38e75c1"
            },
            "dist": {
                "type": "zip",
                "url": "https://api.github.com/repos/mageplaza/module-core/zipball/2c77797f99b865b2b472d0644da121f8a38e75c1",
                "reference": "2c77797f99b865b2b472d0644da121f8a38e75c1",
                "shasum": ""
            },
            "type": "magento2-module",
            "autoload": {
                "files": [
                    "registration.php"
                ],
                "psr-4": {
                    "Mageplaza\\Core\\": ""
                }
            },
            "notification-url": "https://packagist.org/downloads/",
            "license": [
                "proprietary"
            ],
            "authors": [
                {
                    "name": "Mageplaza",
                    "email": "support@mageplaza.com",
                    "homepage": "https://www.mageplaza.com",
                    "role": "Technical Support"
                }
            ],
            "description": "Mageplaza Core for Magento 2",
            "time": "2018-07-17T07:59:48+00:00"
        }
    ],
    "packages-dev": [],
    "aliases": [],
    "minimum-stability": "stable",
    "stability-flags": {
        "mageplaza/magento-2-polish-language-pack": 20
    },
    "prefer-stable": false,
    "prefer-lowest": false,
    "platform": [],
    "platform-dev": []
}
